
Microsoft Visual Studio Solution File, Format Version 12.00
# Visual Studio Version 17
VisualStudioVersion = 17.1.32210.238
MinimumVisualStudioVersion = 10.0.40219.1
Project("{9A19103F-16F7-4668-BE54-9A1E7A4F7556}") = "ConsoleAppPresentation", "ConsoleAppPresentation\ConsoleAppPresentation.csproj", "{DD50E086-50CB-4FFC-A1C2-25A2952C74E0}"
EndProject
Project("{9A19103F-16F7-4668-BE54-9A1E7A4F7556}") = "PlayedWellGames.Core", "PlayedWellGames.Core\PlayedWellGames.Core.csproj", "{E0170BDD-18B5-464C-9102-B58F907CFA71}"
EndProject
Project("{9A19103F-16F7-4668-BE54-9A1E7A4F7556}") = "PlayedWellGames.Application", "PlayedWellGames.Application\PlayedWellGames.Application.csproj", "{4179262C-C591-4C82-8EAD-403EF5F9A8A2}"
EndProject
Project("{9A19103F-16F7-4668-BE54-9A1E7A4F7556}") = "PlayedWellGames.Infrastructure", "PlayedWellGames.Infrastructure\PlayedWellGames.Infrastructure.csproj", "{D19BFD29-AE00-4BBA-98A5-F0B08993E457}"
EndProject
Project("{FAE04EC0-301F-11D3-BF4B-00C04F79EFBC}") = "PlayedWellGames.Api", "PlayedWellGames.Api\PlayedWellGames.Api.csproj", "{D07D1EBE-4297-43E7-9E82-6C61F66A19F6}"
EndProject
Global
	GlobalSection(SolutionConfigurationPlatforms) = preSolution
		Debug|Any CPU = Debug|Any CPU
		Release|Any CPU = Release|Any CPU
	EndGlobalSection
	GlobalSection(ProjectConfigurationPlatforms) = postSolution
		{DD50E086-50CB-4FFC-A1C2-25A2952C74E0}.Debug|Any CPU.ActiveCfg = Debug|Any CPU
		{DD50E086-50CB-4FFC-A1C2-25A2952C74E0}.Debug|Any CPU.Build.0 = Debug|Any CPU
		{DD50E086-50CB-4FFC-A1C2-25A2952C74E0}.Release|Any CPU.ActiveCfg = Release|Any CPU
		{DD50E086-50CB-4FFC-A1C2-25A2952C74E0}.Release|Any CPU.Build.0 = Release|Any CPU
		{E0170BDD-18B5-464C-9102-B58F907CFA71}.Debug|Any CPU.ActiveCfg = Debug|Any CPU
		{E0170BDD-18B5-464C-9102-B58F907CFA71}.Debug|Any CPU.Build.0 = Debug|Any CPU
		{E0170BDD-18B5-464C-9102-B58F907CFA71}.Release|Any CPU.ActiveCfg = Release|Any CPU
		{E0170BDD-18B5-464C-9102-B58F907CFA71}.Release|Any CPU.Build.0 = Release|Any CPU
		{4179262C-C591-4C82-8EAD-403EF5F9A8A2}.Debug|Any CPU.ActiveCfg = Debug|Any CPU
		{4179262C-C591-4C82-8EAD-403EF5F9A8A2}.Debug|Any CPU.Build.0 = Debug|Any CPU
		{4179262C-C591-4C82-8EAD-403EF5F9A8A2}.Release|Any CPU.ActiveCfg = Release|Any CPU
		{4179262C-C591-4C82-8EAD-403EF5F9A8A2}.Release|Any CPU.Build.0 = Release|Any CPU
		{D19BFD29-AE00-4BBA-98A5-F0B08993E457}.Debug|Any CPU.ActiveCfg = Debug|Any CPU
		{D19BFD29-AE00-4BBA-98A5-F0B08993E457}.Debug|Any CPU.Build.0 = Debug|Any CPU
		{D19BFD29-AE00-4BBA-98A5-F0B08993E457}.Release|Any CPU.ActiveCfg = Release|Any CPU
		{D19BFD29-AE00-4BBA-98A5-F0B08993E457}.Release|Any CPU.Build.0 = Release|Any CPU
		{D07D1EBE-4297-43E7-9E82-6C61F66A19F6}.Debug|Any CPU.ActiveCfg = Debug|Any CPU
		{D07D1EBE-4297-43E7-9E82-6C61F66A19F6}.Debug|Any CPU.Build.0 = Debug|Any CPU
		{D07D1EBE-4297-43E7-9E82-6C61F66A19F6}.Release|Any CPU.ActiveCfg = Release|Any CPU
		{D07D1EBE-4297-43E7-9E82-6C61F66A19F6}.Release|Any CPU.Build.0 = Release|Any CPU
	EndGlobalSection
	GlobalSection(SolutionProperties) = preSolution
		HideSolutionNode = FALSE
	EndGlobalSection
	GlobalSection(ExtensibilityGlobals) = postSolution
		SolutionGuid = {C3183516-7E4B-40FA-A664-97EEF123036B}
	EndGlobalSection
EndGlobal
